
Microsoft Visual Studio Solution File, Format Version 12.00
# Visual Studio Version 16
VisualStudioVersion = 16.0.31702.278
MinimumVisualStudioVersion = 10.0.40219.1
Project("{8BC9CEB8-8B4A-11D0-8D11-00A0C91BC942}") = "ImageAugmentation", "ImageAugmentation.vcxproj", "{9F91F8E9-A65B-4DE1-AD69-55153E98D748}"
EndProject
Global
	GlobalSection(SolutionConfigurationPlatforms) = preSolution
		Debug|x64 = Debug|x64
		Release|x64 = Release|x64
	EndGlobalSection
	GlobalSection(ProjectConfigurationPlatforms) = postSolution
		{9F91F8E9-A65B-4DE1-AD69-55153E98D748}.Debug|x64.ActiveCfg = Debug|x64
		{9F91F8E9-A65B-4DE1-AD69-55153E98D748}.Debug|x64.Build.0 = Debug|x64
		{9F91F8E9-A65B-4DE1-AD69-55153E98D748}.Release|x64.ActiveCfg = Release|x64
		{9F91F8E9-A65B-4DE1-AD69-55153E98D748}.Release|x64.Build.0 = Release|x64
	EndGlobalSection
	GlobalSection(SolutionProperties) = preSolution
		HideSolutionNode = FALSE
	EndGlobalSection
	GlobalSection(ExtensibilityGlobals) = postSolution
		SolutionGuid = {2BDDC11C-1987-467E-AD26-7A472D00ECEA}
	EndGlobalSection
EndGlobal
