
Microsoft Visual Studio Solution File, Format Version 12.00
# Visual Studio Version 16
VisualStudioVersion = 16.0.31702.278
MinimumVisualStudioVersion = 10.0.40219.1
Project("{8BC9CEB8-8B4A-11D0-8D11-00A0C91BC942}") = "Ffilter", "Ffilter.vcxproj", "{B863E1BB-66DE-4E82-8C7C-861FB26D707C}"
EndProject
Global
	GlobalSection(SolutionConfigurationPlatforms) = preSolution
		Debug|x64 = Debug|x64
		Release|x64 = Release|x64
	EndGlobalSection
	GlobalSection(ProjectConfigurationPlatforms) = postSolution
		{B863E1BB-66DE-4E82-8C7C-861FB26D707C}.Debug|x64.ActiveCfg = Debug|x64
		{B863E1BB-66DE-4E82-8C7C-861FB26D707C}.Debug|x64.Build.0 = Debug|x64
		{B863E1BB-66DE-4E82-8C7C-861FB26D707C}.Release|x64.ActiveCfg = Release|x64
		{B863E1BB-66DE-4E82-8C7C-861FB26D707C}.Release|x64.Build.0 = Release|x64
	EndGlobalSection
	GlobalSection(SolutionProperties) = preSolution
		HideSolutionNode = FALSE
	EndGlobalSection
	GlobalSection(ExtensibilityGlobals) = postSolution
		SolutionGuid = {F5ECB815-B678-418C-8F65-4E4234929F9A}
	EndGlobalSection
EndGlobal
